
Microsoft Visual Studio Solution File, Format Version 12.00
# Visual Studio Version 17
VisualStudioVersion = 17.1.32328.378
MinimumVisualStudioVersion = 10.0.40219.1
Project("{9A19103F-16F7-4668-BE54-9A1E7A4F7556}") = "NantHealthAuthorize", "NantHealthAuthorize\NantHealthAuthorize.csproj", "{DCFAA017-B0D3-49BC-8A5B-155FEC077A17}"
EndProject
Project("{9A19103F-16F7-4668-BE54-9A1E7A4F7556}") = "NantHealthAuthorize.Tests", "NantHealthAuthorize.Tests\NantHealthAuthorize.Tests.csproj", "{61352122-F417-4629-8FBE-5D4E0B6168DC}"
EndProject
Global
	GlobalSection(SolutionConfigurationPlatforms) = preSolution
		Debug|Any CPU = Debug|Any CPU
		Release|Any CPU = Release|Any CPU
	EndGlobalSection
	GlobalSection(ProjectConfigurationPlatforms) = postSolution
		{DCFAA017-B0D3-49BC-8A5B-155FEC077A17}.Debug|Any CPU.ActiveCfg = Debug|Any CPU
		{DCFAA017-B0D3-49BC-8A5B-155FEC077A17}.Debug|Any CPU.Build.0 = Debug|Any CPU
		{DCFAA017-B0D3-49BC-8A5B-155FEC077A17}.Release|Any CPU.ActiveCfg = Release|Any CPU
		{DCFAA017-B0D3-49BC-8A5B-155FEC077A17}.Release|Any CPU.Build.0 = Release|Any CPU
		{61352122-F417-4629-8FBE-5D4E0B6168DC}.Debug|Any CPU.ActiveCfg = Debug|Any CPU
		{61352122-F417-4629-8FBE-5D4E0B6168DC}.Debug|Any CPU.Build.0 = Debug|Any CPU
		{61352122-F417-4629-8FBE-5D4E0B6168DC}.Release|Any CPU.ActiveCfg = Release|Any CPU
		{61352122-F417-4629-8FBE-5D4E0B6168DC}.Release|Any CPU.Build.0 = Release|Any CPU
	EndGlobalSection
	GlobalSection(SolutionProperties) = preSolution
		HideSolutionNode = FALSE
	EndGlobalSection
	GlobalSection(ExtensibilityGlobals) = postSolution
		SolutionGuid = {53EE190E-9C1D-4034-ACBB-B087DA9E3694}
	EndGlobalSection
EndGlobal
